
Microsoft Visual Studio Solution File, Format Version 12.00
# Visual Studio Version 17
VisualStudioVersion = 17.7.34031.279
MinimumVisualStudioVersion = 10.0.40219.1
Project("{FAE04EC0-301F-11D3-BF4B-00C04F79EFBC}") = "PBL2", "PBL2\PBL2.csproj", "{A7539849-F94C-4D81-9070-EFF2D0C19E4F}"
EndProject
Global
	GlobalSection(SolutionConfigurationPlatforms) = preSolution
		Debug|Any CPU = Debug|Any CPU
		Release|Any CPU = Release|Any CPU
	EndGlobalSection
	GlobalSection(ProjectConfigurationPlatforms) = postSolution
		{A7539849-F94C-4D81-9070-EFF2D0C19E4F}.Debug|Any CPU.ActiveCfg = Debug|Any CPU
		{A7539849-F94C-4D81-9070-EFF2D0C19E4F}.Debug|Any CPU.Build.0 = Debug|Any CPU
		{A7539849-F94C-4D81-9070-EFF2D0C19E4F}.Release|Any CPU.ActiveCfg = Release|Any CPU
		{A7539849-F94C-4D81-9070-EFF2D0C19E4F}.Release|Any CPU.Build.0 = Release|Any CPU
	EndGlobalSection
	GlobalSection(SolutionProperties) = preSolution
		HideSolutionNode = FALSE
	EndGlobalSection
	GlobalSection(ExtensibilityGlobals) = postSolution
		SolutionGuid = {3B142501-F72B-4F9F-BF44-0A7992435798}
	EndGlobalSection
EndGlobal
